{
  "nodes": {
    "chaotic": {
      "inputs": {
        "flake-schemas": "flake-schemas",
        "home-manager": "home-manager",
        "jovian": "jovian",
        "nixpkgs": "nixpkgs"
      },
      "locked": {
        "lastModified": 1734284257,
        "narHash": "sha256-rQbUd6Tjd6TvYR8u1/Yd3yQlzJKxaztgRajztZx296U=",
        "owner": "chaotic-cx",
        "repo": "nyx",
        "rev": "1d72d3bad712c166614597bf1bf3237dc954d188",
        "type": "github"
      },
      "original": {
        "owner": "chaotic-cx",
        "ref": "nyxpkgs-unstable",
        "repo": "nyx",
        "type": "github"
      }
    },
    "falkor": {
      "inputs": {
        "nixpkgs": [
          "nixpkgs"
        ]
      },
      "locked": {
        "lastModified": 1732335644,
        "narHash": "sha256-igZT38+ROGd9NMCiyWd77tdqqYgV52UgBJgCL+PAIHE=",
        "owner": "Team-Falkor",
        "repo": "falkor",
        "rev": "3ff7341cb347de4cdcd43fdf45eab6c3bfcf76a8",
        "type": "github"
      },
      "original": {
        "owner": "Team-Falkor",
        "repo": "falkor",
        "type": "github"
      }
    },
    "flake-schemas": {
      "locked": {
        "lastModified": 1721999734,
        "narHash": "sha256-G5CxYeJVm4lcEtaO87LKzOsVnWeTcHGKbKxNamNWgOw=",
        "rev": "0a5c42297d870156d9c57d8f99e476b738dcd982",
        "revCount": 75,
        "type": "tarball",
        "url": "https://api.flakehub.com/f/pinned/DeterminateSystems/flake-schemas/0.1.5/0190ef2f-61e0-794b-ba14-e82f225e55e6/source.tar.gz"
      },
      "original": {
        "type": "tarball",
        "url": "https://flakehub.com/f/DeterminateSystems/flake-schemas/%3D0.1.5.tar.gz"
      }
    },
    "home-manager": {
      "inputs": {
        "nixpkgs": [
          "chaotic",
          "nixpkgs"
        ]
      },
      "locked": {
        "lastModified": 1733873195,
        "narHash": "sha256-dTosiZ3sZ/NKoLKQ++v8nZdEHya0eTNEsaizNp+MUPM=",
        "owner": "nix-community",
        "repo": "home-manager",
        "rev": "f26aa4b76fb7606127032d33ac73d7d507d82758",
        "type": "github"
      },
      "original": {
        "owner": "nix-community",
        "repo": "home-manager",
        "type": "github"
      }
    },
    "hyprlux": {
      "inputs": {
        "nixpkgs": [
          "nixpkgs"
        ],
        "systems": "systems"
      },
      "locked": {
        "lastModified": 1730324093,
        "narHash": "sha256-OHA9kpDge2ZGdQ+Rt5W8am98s44RF2F4K2ZIdjtaWlQ=",
        "owner": "amadejkastelic",
        "repo": "Hyprlux",
        "rev": "ee8d503d93ebf185a8359b14efc8719120fc9f62",
        "type": "github"
      },
      "original": {
        "owner": "amadejkastelic",
        "repo": "Hyprlux",
        "type": "github"
      }
    },
    "jovian": {
      "inputs": {
        "nix-github-actions": "nix-github-actions",
        "nixpkgs": [
          "chaotic",
          "nixpkgs"
        ]
      },
      "locked": {
        "lastModified": 1733859890,
        "narHash": "sha256-HnA6z2l2W38TJBarvWCcxjTjcpz7JrDj2u2umjYFcEo=",
        "owner": "Jovian-Experiments",
        "repo": "Jovian-NixOS",
        "rev": "77ffd839fd9d60d139dc4a2ad6b6d526f4ad5a17",
        "type": "github"
      },
      "original": {
        "owner": "Jovian-Experiments",
        "repo": "Jovian-NixOS",
        "type": "github"
      }
    },
    "nerivations": {
      "inputs": {
        "nixpkgs": [
          "nixpkgs"
        ]
      },
      "locked": {
        "lastModified": 1733072340,
        "narHash": "sha256-KtoWDrg6+bwk/ua1M891qKe3M8o6+s/EM7gKYz/xx20=",
        "owner": "icedborn",
        "repo": "nerivations",
        "rev": "75425e0441c13bbfcf20841292f256fe2c689a88",
        "type": "github"
      },
      "original": {
        "owner": "icedborn",
        "repo": "nerivations",
        "type": "github"
      }
    },
    "nix-github-actions": {
      "inputs": {
        "nixpkgs": [
          "chaotic",
          "jovian",
          "nixpkgs"
        ]
      },
      "locked": {
        "lastModified": 1729697500,
        "narHash": "sha256-VFTWrbzDlZyFHHb1AlKRiD/qqCJIripXKiCSFS8fAOY=",
        "owner": "zhaofengli",
        "repo": "nix-github-actions",
        "rev": "e418aeb728b6aa5ca8c5c71974e7159c2df1d8cf",
        "type": "github"
      },
      "original": {
        "owner": "zhaofengli",
        "ref": "matrix-name",
        "repo": "nix-github-actions",
        "type": "github"
      }
    },
    "nixpkgs": {
      "locked": {
        "lastModified": 1734119587,
        "narHash": "sha256-AKU6qqskl0yf2+JdRdD0cfxX4b9x3KKV5RqA6wijmPM=",
        "owner": "NixOS",
        "repo": "nixpkgs",
        "rev": "3566ab7246670a43abd2ffa913cc62dad9cdf7d5",
        "type": "github"
      },
      "original": {
        "owner": "NixOS",
        "ref": "nixos-unstable",
        "repo": "nixpkgs",
        "type": "github"
      }
    },
    "pipewire-screenaudio": {
      "inputs": {
        "nixpkgs": [
          "nixpkgs"
        ]
      },
      "locked": {
        "lastModified": 1720719825,
        "narHash": "sha256-+StN4RWwuVHmGFHeDr815t8lTWmRNC16uGTx8jEffPw=",
        "owner": "IceDBorn",
        "repo": "pipewire-screenaudio",
        "rev": "bd404d0ee4b32fb797f2dcdeee3b6e773c06455c",
        "type": "github"
      },
      "original": {
        "owner": "IceDBorn",
        "repo": "pipewire-screenaudio",
        "type": "github"
      }
    },
    "root": {
      "inputs": {
        "chaotic": "chaotic",
        "falkor": "falkor",
        "home-manager": [
          "chaotic",
          "home-manager"
        ],
        "hyprlux": "hyprlux",
        "nerivations": "nerivations",
        "nixpkgs": [
          "chaotic",
          "nixpkgs"
        ],
        "pipewire-screenaudio": "pipewire-screenaudio",
        "shell-in-netns": "shell-in-netns",
        "steam-session": [
          "chaotic",
          "jovian"
        ],
        "zen-browser": "zen-browser"
      }
    },
    "shell-in-netns": {
      "inputs": {
        "nixpkgs": [
          "nixpkgs"
        ]
      },
      "locked": {
        "lastModified": 1707736399,
        "narHash": "sha256-se1vKp/vuiBS9IUl+9DTs+LXIT4OuHZ00k/nNv3AXtM=",
        "owner": "jim3692",
        "repo": "shell-in-netns",
        "rev": "b0b85e84f0675ff190929ee11a6c8ed90a9db9e0",
        "type": "github"
      },
      "original": {
        "owner": "jim3692",
        "repo": "shell-in-netns",
        "type": "github"
      }
    },
    "systems": {
      "locked": {
        "lastModified": 1689347949,
        "narHash": "sha256-12tWmuL2zgBgZkdoB6qXZsgJEH9LR3oUgpaQq2RbI80=",
        "owner": "nix-systems",
        "repo": "default-linux",
        "rev": "31732fcf5e8fea42e59c2488ad31a0e651500f68",
        "type": "github"
      },
      "original": {
        "owner": "nix-systems",
        "repo": "default-linux",
        "type": "github"
      }
    },
    "zen-browser": {
      "inputs": {
        "nixpkgs": [
          "nixpkgs"
        ]
      },
      "locked": {
        "lastModified": 1734232136,
        "narHash": "sha256-rQd9jiPTGVchefiwJhx1xUlCLcnOCWQ7KlQ+Pkio9zU=",
        "owner": "0xc000022070",
        "repo": "zen-browser-flake",
        "rev": "6acd5e9515e0d53347b7883ac02ac7ab4bd03a2c",
        "type": "github"
      },
      "original": {
        "owner": "0xc000022070",
        "repo": "zen-browser-flake",
        "type": "github"
      }
    }
  },
  "root": "root",
  "version": 7
}
